
Microsoft Visual Studio Solution File, Format Version 12.00
# Visual Studio 15
VisualStudioVersion = 15.0.28010.2046
MinimumVisualStudioVersion = 10.0.40219.1
Project("{FAE04EC0-301F-11D3-BF4B-00C04F79EFBC}") = "Todo.Android", "Todo\Todo.Android\Todo.Android.csproj", "{1AE96A63-77BC-414C-97E3-41B684775661}"
EndProject
Project("{FAE04EC0-301F-11D3-BF4B-00C04F79EFBC}") = "Todo.iOS", "Todo\Todo.iOS\Todo.iOS.csproj", "{CF17A899-C98D-4D9E-8A2E-2ED5B00DBD94}"
EndProject
Project("{FAE04EC0-301F-11D3-BF4B-00C04F79EFBC}") = "Todo", "Todo\Todo\Todo.csproj", "{8E06B2D2-FB40-4320-85BF-37B8BC9775DC}"
EndProject
Global
	GlobalSection(SolutionConfigurationPlatforms) = preSolution
		Ad-Hoc|Any CPU = Ad-Hoc|Any CPU
		Ad-Hoc|iPhone = Ad-Hoc|iPhone
		Ad-Hoc|iPhoneSimulator = Ad-Hoc|iPhoneSimulator
		AppStore|Any CPU = AppStore|Any CPU
		AppStore|iPhone = AppStore|iPhone
		AppStore|iPhoneSimulator = AppStore|iPhoneSimulator
		Debug|Any CPU = Debug|Any CPU
		Debug|iPhone = Debug|iPhone
		Debug|iPhoneSimulator = Debug|iPhoneSimulator
		Release|Any CPU = Release|Any CPU
		Release|iPhone = Release|iPhone
		Release|iPhoneSimulator = Release|iPhoneSimulator
	EndGlobalSection
	GlobalSection(ProjectConfigurationPlatforms) = postSolution
		{1AE96A63-77BC-414C-97E3-41B684775661}.Ad-Hoc|Any CPU.ActiveCfg = Release|Any CPU
		{1AE96A63-77BC-414C-97E3-41B684775661}.Ad-Hoc|Any CPU.Build.0 = Release|Any CPU
		{1AE96A63-77BC-414C-97E3-41B684775661}.Ad-Hoc|Any CPU.Deploy.0 = Release|Any CPU
		{1AE96A63-77BC-414C-97E3-41B684775661}.Ad-Hoc|iPhone.ActiveCfg = Release|Any CPU
		{1AE96A63-77BC-414C-97E3-41B684775661}.Ad-Hoc|iPhone.Build.0 = Release|Any CPU
		{1AE96A63-77BC-414C-97E3-41B684775661}.Ad-Hoc|iPhone.Deploy.0 = Release|Any CPU
		{1AE96A63-77BC-414C-97E3-41B684775661}.Ad-Hoc|iPhoneSimulator.ActiveCfg = Release|Any CPU
		{1AE96A63-77BC-414C-97E3-41B684775661}.Ad-Hoc|iPhoneSimulator.Build.0 = Release|Any CPU
		{1AE96A63-77BC-414C-97E3-41B684775661}.Ad-Hoc|iPhoneSimulator.Deploy.0 = Release|Any CPU
		{1AE96A63-77BC-414C-97E3-41B684775661}.AppStore|Any CPU.ActiveCfg = Release|Any CPU
		{1AE96A63-77BC-414C-97E3-41B684775661}.AppStore|Any CPU.Build.0 = Release|Any CPU
		{1AE96A63-77BC-414C-97E3-41B684775661}.AppStore|Any CPU.Deploy.0 = Release|Any CPU
		{1AE96A63-77BC-414C-97E3-41B684775661}.AppStore|iPhone.ActiveCfg = Release|Any CPU
		{1AE96A63-77BC-414C-97E3-41B684775661}.AppStore|iPhone.Build.0 = Release|Any CPU
		{1AE96A63-77BC-414C-97E3-41B684775661}.AppStore|iPhone.Deploy.0 = Release|Any CPU
		{1AE96A63-77BC-414C-97E3-41B684775661}.AppStore|iPhoneSimulator.ActiveCfg = Release|Any CPU
		{1AE96A63-77BC-414C-97E3-41B684775661}.AppStore|iPhoneSimulator.Build.0 = Release|Any CPU
		{1AE96A63-77BC-414C-97E3-41B684775661}.AppStore|iPhoneSimulator.Deploy.0 = Release|Any CPU
		{1AE96A63-77BC-414C-97E3-41B684775661}.Debug|Any CPU.ActiveCfg = Debug|Any CPU
		{1AE96A63-77BC-414C-97E3-41B684775661}.Debug|Any CPU.Build.0 = Debug|Any CPU
		{1AE96A63-77BC-414C-97E3-41B684775661}.Debug|Any CPU.Deploy.0 = Debug|Any CPU
		{1AE96A63-77BC-414C-97E3-41B684775661}.Debug|iPhone.ActiveCfg = Debug|Any CPU
		{1AE96A63-77BC-414C-97E3-41B684775661}.Debug|iPhone.Build.0 = Debug|Any CPU
		{1AE96A63-77BC-414C-97E3-41B684775661}.Debug|iPhone.Deploy.0 = Debug|Any CPU
		{1AE96A63-77BC-414C-97E3-41B684775661}.Debug|iPhoneSimulator.ActiveCfg = Debug|Any CPU
		{1AE96A63-77BC-414C-97E3-41B684775661}.Debug|iPhoneSimulator.Build.0 = Debug|Any CPU
		{1AE96A63-77BC-414C-97E3-41B684775661}.Debug|iPhoneSimulator.Deploy.0 = Debug|Any CPU
		{1AE96A63-77BC-414C-97E3-41B684775661}.Release|Any CPU.ActiveCfg = Release|Any CPU
		{1AE96A63-77BC-414C-97E3-41B684775661}.Release|Any CPU.Build.0 = Release|Any CPU
		{1AE96A63-77BC-414C-97E3-41B684775661}.Release|Any CPU.Deploy.0 = Release|Any CPU
		{1AE96A63-77BC-414C-97E3-41B684775661}.Release|iPhone.ActiveCfg = Release|Any CPU
		{1AE96A63-77BC-414C-97E3-41B684775661}.Release|iPhone.Build.0 = Release|Any CPU
		{1AE96A63-77BC-414C-97E3-41B684775661}.Release|iPhone.Deploy.0 = Release|Any CPU
		{1AE96A63-77BC-414C-97E3-41B684775661}.Release|iPhoneSimulator.ActiveCfg = Release|Any CPU
		{1AE96A63-77BC-414C-97E3-41B684775661}.Release|iPhoneSimulator.Build.0 = Release|Any CPU
		{1AE96A63-77BC-414C-97E3-41B684775661}.Release|iPhoneSimulator.Deploy.0 = Release|Any CPU
		{CF17A899-C98D-4D9E-8A2E-2ED5B00DBD94}.Ad-Hoc|Any CPU.ActiveCfg = Ad-Hoc|iPhone
		{CF17A899-C98D-4D9E-8A2E-2ED5B00DBD94}.Ad-Hoc|Any CPU.Build.0 = Ad-Hoc|iPhone
		{CF17A899-C98D-4D9E-8A2E-2ED5B00DBD94}.Ad-Hoc|Any CPU.Deploy.0 = Ad-Hoc|iPhone
		{CF17A899-C98D-4D9E-8A2E-2ED5B00DBD94}.Ad-Hoc|iPhone.ActiveCfg = Ad-Hoc|iPhone
		{CF17A899-C98D-4D9E-8A2E-2ED5B00DBD94}.Ad-Hoc|iPhone.Build.0 = Ad-Hoc|iPhone
		{CF17A899-C98D-4D9E-8A2E-2ED5B00DBD94}.Ad-Hoc|iPhone.Deploy.0 = Ad-Hoc|iPhone
		{CF17A899-C98D-4D9E-8A2E-2ED5B00DBD94}.Ad-Hoc|iPhoneSimulator.ActiveCfg = Ad-Hoc|iPhoneSimulator
		{CF17A899-C98D-4D9E-8A2E-2ED5B00DBD94}.Ad-Hoc|iPhoneSimulator.Build.0 = Ad-Hoc|iPhoneSimulator
		{CF17A899-C98D-4D9E-8A2E-2ED5B00DBD94}.Ad-Hoc|iPhoneSimulator.Deploy.0 = Ad-Hoc|iPhoneSimulator
		{CF17A899-C98D-4D9E-8A2E-2ED5B00DBD94}.AppStore|Any CPU.ActiveCfg = AppStore|iPhone
		{CF17A899-C98D-4D9E-8A2E-2ED5B00DBD94}.AppStore|Any CPU.Build.0 = AppStore|iPhone
		{CF17A899-C98D-4D9E-8A2E-2ED5B00DBD94}.AppStore|Any CPU.Deploy.0 = AppStore|iPhone
		{CF17A899-C98D-4D9E-8A2E-2ED5B00DBD94}.AppStore|iPhone.ActiveCfg = AppStore|iPhone
		{CF17A899-C98D-4D9E-8A2E-2ED5B00DBD94}.AppStore|iPhone.Build.0 = AppStore|iPhone
		{CF17A899-C98D-4D9E-8A2E-2ED5B00DBD94}.AppStore|iPhone.Deploy.0 = AppStore|iPhone
		{CF17A899-C98D-4D9E-8A2E-2ED5B00DBD94}.AppStore|iPhoneSimulator.ActiveCfg = AppStore|iPhoneSimulator
		{CF17A899-C98D-4D9E-8A2E-2ED5B00DBD94}.AppStore|iPhoneSimulator.Build.0 = AppStore|iPhoneSimulator
		{CF17A899-C98D-4D9E-8A2E-2ED5B00DBD94}.AppStore|iPhoneSimulator.Deploy.0 = AppStore|iPhoneSimulator
		{CF17A899-C98D-4D9E-8A2E-2ED5B00DBD94}.Debug|Any CPU.ActiveCfg = Debug|iPhoneSimulator
		{CF17A899-C98D-4D9E-8A2E-2ED5B00DBD94}.Debug|Any CPU.Build.0 = Debug|iPhoneSimulator
		{CF17A899-C98D-4D9E-8A2E-2ED5B00DBD94}.Debug|Any CPU.Deploy.0 = Debug|iPhoneSimulator
		{CF17A899-C98D-4D9E-8A2E-2ED5B00DBD94}.Debug|iPhone.ActiveCfg = Debug|iPhone
		{CF17A899-C98D-4D9E-8A2E-2ED5B00DBD94}.Debug|iPhone.Build.0 = Debug|iPhone
		{CF17A899-C98D-4D9E-8A2E-2ED5B00DBD94}.Debug|iPhone.Deploy.0 = Debug|iPhone
		{CF17A899-C98D-4D9E-8A2E-2ED5B00DBD94}.Debug|iPhoneSimulator.ActiveCfg = Debug|iPhoneSimulator
		{CF17A899-C98D-4D9E-8A2E-2ED5B00DBD94}.Debug|iPhoneSimulator.Build.0 = Debug|iPhoneSimulator
		{CF17A899-C98D-4D9E-8A2E-2ED5B00DBD94}.Debug|iPhoneSimulator.Deploy.0 = Debug|iPhoneSimulator
		{CF17A899-C98D-4D9E-8A2E-2ED5B00DBD94}.Release|Any CPU.ActiveCfg = Release|iPhone
		{CF17A899-C98D-4D9E-8A2E-2ED5B00DBD94}.Release|Any CPU.Build.0 = Release|iPhone
		{CF17A899-C98D-4D9E-8A2E-2ED5B00DBD94}.Release|Any CPU.Deploy.0 = Release|iPhone
		{CF17A899-C98D-4D9E-8A2E-2ED5B00DBD94}.Release|iPhone.ActiveCfg = Release|iPhone
		{CF17A899-C98D-4D9E-8A2E-2ED5B00DBD94}.Release|iPhone.Build.0 = Release|iPhone
		{CF17A899-C98D-4D9E-8A2E-2ED5B00DBD94}.Release|iPhone.Deploy.0 = Release|iPhone
		{CF17A899-C98D-4D9E-8A2E-2ED5B00DBD94}.Release|iPhoneSimulator.ActiveCfg = Release|iPhoneSimulator
		{CF17A899-C98D-4D9E-8A2E-2ED5B00DBD94}.Release|iPhoneSimulator.Build.0 = Release|iPhoneSimulator
		{CF17A899-C98D-4D9E-8A2E-2ED5B00DBD94}.Release|iPhoneSimulator.Deploy.0 = Release|iPhoneSimulator
		{8E06B2D2-FB40-4320-85BF-37B8BC9775DC}.Ad-Hoc|Any CPU.ActiveCfg = Debug|Any CPU
		{8E06B2D2-FB40-4320-85BF-37B8BC9775DC}.Ad-Hoc|Any CPU.Build.0 = Debug|Any CPU
		{8E06B2D2-FB40-4320-85BF-37B8BC9775DC}.Ad-Hoc|Any CPU.Deploy.0 = Debug|Any CPU
		{8E06B2D2-FB40-4320-85BF-37B8BC9775DC}.Ad-Hoc|iPhone.ActiveCfg = Debug|Any CPU
		{8E06B2D2-FB40-4320-85BF-37B8BC9775DC}.Ad-Hoc|iPhone.Build.0 = Debug|Any CPU
		{8E06B2D2-FB40-4320-85BF-37B8BC9775DC}.Ad-Hoc|iPhone.Deploy.0 = Debug|Any CPU
		{8E06B2D2-FB40-4320-85BF-37B8BC9775DC}.Ad-Hoc|iPhoneSimulator.ActiveCfg = Debug|Any CPU
		{8E06B2D2-FB40-4320-85BF-37B8BC9775DC}.Ad-Hoc|iPhoneSimulator.Build.0 = Debug|Any CPU
		{8E06B2D2-FB40-4320-85BF-37B8BC9775DC}.Ad-Hoc|iPhoneSimulator.Deploy.0 = Debug|Any CPU
		{8E06B2D2-FB40-4320-85BF-37B8BC9775DC}.AppStore|Any CPU.ActiveCfg = Debug|Any CPU
		{8E06B2D2-FB40-4320-85BF-37B8BC9775DC}.AppStore|Any CPU.Build.0 = Debug|Any CPU
		{8E06B2D2-FB40-4320-85BF-37B8BC9775DC}.AppStore|Any CPU.Deploy.0 = Debug|Any CPU
		{8E06B2D2-FB40-4320-85BF-37B8BC9775DC}.AppStore|iPhone.ActiveCfg = Debug|Any CPU
		{8E06B2D2-FB40-4320-85BF-37B8BC9775DC}.AppStore|iPhone.Build.0 = Debug|Any CPU
		{8E06B2D2-FB40-4320-85BF-37B8BC9775DC}.AppStore|iPhone.Deploy.0 = Debug|Any CPU
		{8E06B2D2-FB40-4320-85BF-37B8BC9775DC}.AppStore|iPhoneSimulator.ActiveCfg = Debug|Any CPU
		{8E06B2D2-FB40-4320-85BF-37B8BC9775DC}.AppStore|iPhoneSimulator.Build.0 = Debug|Any CPU
		{8E06B2D2-FB40-4320-85BF-37B8BC9775DC}.AppStore|iPhoneSimulator.Deploy.0 = Debug|Any CPU
		{8E06B2D2-FB40-4320-85BF-37B8BC9775DC}.Debug|Any CPU.ActiveCfg = Debug|Any CPU
		{8E06B2D2-FB40-4320-85BF-37B8BC9775DC}.Debug|Any CPU.Build.0 = Debug|Any CPU
		{8E06B2D2-FB40-4320-85BF-37B8BC9775DC}.Debug|Any CPU.Deploy.0 = Debug|Any CPU
		{8E06B2D2-FB40-4320-85BF-37B8BC9775DC}.Debug|iPhone.ActiveCfg = Debug|Any CPU
		{8E06B2D2-FB40-4320-85BF-37B8BC9775DC}.Debug|iPhone.Build.0 = Debug|Any CPU
		{8E06B2D2-FB40-4320-85BF-37B8BC9775DC}.Debug|iPhone.Deploy.0 = Debug|Any CPU
		{8E06B2D2-FB40-4320-85BF-37B8BC9775DC}.Debug|iPhoneSimulator.ActiveCfg = Debug|Any CPU
		{8E06B2D2-FB40-4320-85BF-37B8BC9775DC}.Debug|iPhoneSimulator.Build.0 = Debug|Any CPU
		{8E06B2D2-FB40-4320-85BF-37B8BC9775DC}.Debug|iPhoneSimulator.Deploy.0 = Debug|Any CPU
		{8E06B2D2-FB40-4320-85BF-37B8BC9775DC}.Release|Any CPU.ActiveCfg = Release|Any CPU
		{8E06B2D2-FB40-4320-85BF-37B8BC9775DC}.Release|Any CPU.Build.0 = Release|Any CPU
		{8E06B2D2-FB40-4320-85BF-37B8BC9775DC}.Release|Any CPU.Deploy.0 = Release|Any CPU
		{8E06B2D2-FB40-4320-85BF-37B8BC9775DC}.Release|iPhone.ActiveCfg = Release|Any CPU
		{8E06B2D2-FB40-4320-85BF-37B8BC9775DC}.Release|iPhone.Build.0 = Release|Any CPU
		{8E06B2D2-FB40-4320-85BF-37B8BC9775DC}.Release|iPhone.Deploy.0 = Release|Any CPU
		{8E06B2D2-FB40-4320-85BF-37B8BC9775DC}.Release|iPhoneSimulator.ActiveCfg = Release|Any CPU
		{8E06B2D2-FB40-4320-85BF-37B8BC9775DC}.Release|iPhoneSimulator.Build.0 = Release|Any CPU
		{8E06B2D2-FB40-4320-85BF-37B8BC9775DC}.Release|iPhoneSimulator.Deploy.0 = Release|Any CPU
	EndGlobalSection
	GlobalSection(SolutionProperties) = preSolution
		HideSolutionNode = FALSE
	EndGlobalSection
	GlobalSection(ExtensibilityGlobals) = postSolution
		SolutionGuid = {C8D1DF6E-9D63-4B3E-A946-138612ECDC3E}
	EndGlobalSection
EndGlobal
